// !$*UTF8*$!
{
	archiveVersion = 1;
	classes = {
	};
	objectVersion = 52;
	objects = {

/* Begin PBXBuildFile section */
		EA01801426B95EAF00B59844 /* MainViewController.swift in Sources */ = {isa = PBXBuildFile; fileRef = EA01801326B95EAF00B59844 /* MainViewController.swift */; };
		EA01801626B95ED500B59844 /* CollectionViewCell.swift in Sources */ = {isa = PBXBuildFile; fileRef = EA01801526B95ED500B59844 /* CollectionViewCell.swift */; };
		EA01801826B9617400B59844 /* NetworkManager.swift in Sources */ = {isa = PBXBuildFile; fileRef = EA01801726B9617400B59844 /* NetworkManager.swift */; };
		EA01801A26B9934D00B59844 /* ImageProperties.swift in Sources */ = {isa = PBXBuildFile; fileRef = EA01801926B9934D00B59844 /* ImageProperties.swift */; };
		EA01801C26B9983B00B59844 /* DataProvider.swift in Sources */ = {isa = PBXBuildFile; fileRef = EA01801B26B9983B00B59844 /* DataProvider.swift */; };
		EA099CE526CD62BF00FE93DD /* FacebookLogin in Frameworks */ = {isa = PBXBuildFile; productRef = EA099CE426CD62BF00FE93DD /* FacebookLogin */; };
		EA099CE726CD62BF00FE93DD /* FacebookCore in Frameworks */ = {isa = PBXBuildFile; productRef = EA099CE626CD62BF00FE93DD /* FacebookCore */; };
		EA099CEB26CD6BDF00FE93DD /* Extension.swift in Sources */ = {isa = PBXBuildFile; fileRef = EA099CEA26CD6BDF00FE93DD /* Extension.swift */; };
		EA099CED26CD6CDF00FE93DD /* LoginViewController.swift in Sources */ = {isa = PBXBuildFile; fileRef = EA099CEC26CD6CDF00FE93DD /* LoginViewController.swift */; };
		EA099CEF26CD6EA100FE93DD /* WebsiteDescription.swift in Sources */ = {isa = PBXBuildFile; fileRef = EA099CEE26CD6EA100FE93DD /* WebsiteDescription.swift */; };
		EA57C40826B8279800AC1D5B /* CoursesViewController.swift in Sources */ = {isa = PBXBuildFile; fileRef = EA57C40726B8279800AC1D5B /* CoursesViewController.swift */; };
		EA57C40A26B827A700AC1D5B /* WebViewController.swift in Sources */ = {isa = PBXBuildFile; fileRef = EA57C40926B827A700AC1D5B /* WebViewController.swift */; };
		EA57C40C26B82A0A00AC1D5B /* Course.swift in Sources */ = {isa = PBXBuildFile; fileRef = EA57C40B26B82A0A00AC1D5B /* Course.swift */; };
		EA57C41026B831F600AC1D5B /* TableViewCell.swift in Sources */ = {isa = PBXBuildFile; fileRef = EA57C40F26B831F600AC1D5B /* TableViewCell.swift */; };
		EA662B5126B440C200808625 /* AppDelegate.swift in Sources */ = {isa = PBXBuildFile; fileRef = EA662B5026B440C200808625 /* AppDelegate.swift */; };
		EA662B5326B440C200808625 /* SceneDelegate.swift in Sources */ = {isa = PBXBuildFile; fileRef = EA662B5226B440C200808625 /* SceneDelegate.swift */; };
		EA662B5826B440C200808625 /* Main.storyboard in Resources */ = {isa = PBXBuildFile; fileRef = EA662B5626B440C200808625 /* Main.storyboard */; };
		EA662B5A26B440C400808625 /* Assets.xcassets in Resources */ = {isa = PBXBuildFile; fileRef = EA662B5926B440C400808625 /* Assets.xcassets */; };
		EA662B5D26B440C400808625 /* LaunchScreen.storyboard in Resources */ = {isa = PBXBuildFile; fileRef = EA662B5B26B440C400808625 /* LaunchScreen.storyboard */; };
		EA662B6526B4520600808625 /* ImageViewController.swift in Sources */ = {isa = PBXBuildFile; fileRef = EA662B6426B4520600808625 /* ImageViewController.swift */; };
		EAC56EC226BAE6180065338D /* Podfile in Resources */ = {isa = PBXBuildFile; fileRef = EAC56EC126BAE6180065338D /* Podfile */; };
		EAC56EC426BAEDA80065338D /* AlamofireNetworkRequest.swift in Sources */ = {isa = PBXBuildFile; fileRef = EAC56EC326BAEDA80065338D /* AlamofireNetworkRequest.swift */; };
		EAEB8DB126D3BFEB006B5197 /* UserProfileVC.swift in Sources */ = {isa = PBXBuildFile; fileRef = EAEB8DB026D3BFEB006B5197 /* UserProfileVC.swift */; };
		FF37580EDB6639587736A1A2 /* Pods_Networking.framework in Frameworks */ = {isa = PBXBuildFile; fileRef = F3C5886D743C98F2BA76D8CE /* Pods_Networking.framework */; };
/* End PBXBuildFile section */

/* Begin PBXFileReference section */
		2BD68FB3BE984A0058C93ECC /* Pods-Networking.debug.xcconfig */ = {isa = PBXFileReference; includeInIndex = 1; lastKnownFileType = text.xcconfig; name = "Pods-Networking.debug.xcconfig"; path = "Target Support Files/Pods-Networking/Pods-Networking.debug.xcconfig"; sourceTree = "<group>"; };
		DDB85C389452CDE3095D908B /* Pods-Networking.release.xcconfig */ = {isa = PBXFileReference; includeInIndex = 1; lastKnownFileType = text.xcconfig; name = "Pods-Networking.release.xcconfig"; path = "Target Support Files/Pods-Networking/Pods-Networking.release.xcconfig"; sourceTree = "<group>"; };
		EA01801326B95EAF00B59844 /* MainViewController.swift */ = {isa = PBXFileReference; lastKnownFileType = sourcecode.swift; path = MainViewController.swift; sourceTree = "<group>"; };
		EA01801526B95ED500B59844 /* CollectionViewCell.swift */ = {isa = PBXFileReference; lastKnownFileType = sourcecode.swift; path = CollectionViewCell.swift; sourceTree = "<group>"; };
		EA01801726B9617400B59844 /* NetworkManager.swift */ = {isa = PBXFileReference; lastKnownFileType = sourcecode.swift; path = NetworkManager.swift; sourceTree = "<group>"; };
		EA01801926B9934D00B59844 /* ImageProperties.swift */ = {isa = PBXFileReference; lastKnownFileType = sourcecode.swift; path = ImageProperties.swift; sourceTree = "<group>"; };
		EA01801B26B9983B00B59844 /* DataProvider.swift */ = {isa = PBXFileReference; lastKnownFileType = sourcecode.swift; path = DataProvider.swift; sourceTree = "<group>"; };
		EA099CE226CD5E9700FE93DD /* Networking.entitlements */ = {isa = PBXFileReference; lastKnownFileType = text.plist.entitlements; path = Networking.entitlements; sourceTree = "<group>"; };
		EA099CEA26CD6BDF00FE93DD /* Extension.swift */ = {isa = PBXFileReference; lastKnownFileType = sourcecode.swift; path = Extension.swift; sourceTree = "<group>"; };
		EA099CEC26CD6CDF00FE93DD /* LoginViewController.swift */ = {isa = PBXFileReference; lastKnownFileType = sourcecode.swift; path = LoginViewController.swift; sourceTree = "<group>"; };
		EA099CEE26CD6EA100FE93DD /* WebsiteDescription.swift */ = {isa = PBXFileReference; fileEncoding = 4; lastKnownFileType = sourcecode.swift; path = WebsiteDescription.swift; sourceTree = "<group>"; };
		EA57C40726B8279800AC1D5B /* CoursesViewController.swift */ = {isa = PBXFileReference; lastKnownFileType = sourcecode.swift; path = CoursesViewController.swift; sourceTree = "<group>"; };
		EA57C40926B827A700AC1D5B /* WebViewController.swift */ = {isa = PBXFileReference; lastKnownFileType = sourcecode.swift; path = WebViewController.swift; sourceTree = "<group>"; };
		EA57C40B26B82A0A00AC1D5B /* Course.swift */ = {isa = PBXFileReference; lastKnownFileType = sourcecode.swift; path = Course.swift; sourceTree = "<group>"; };
		EA57C40F26B831F600AC1D5B /* TableViewCell.swift */ = {isa = PBXFileReference; lastKnownFileType = sourcecode.swift; path = TableViewCell.swift; sourceTree = "<group>"; };
		EA662B4D26B440C200808625 /* Networking.app */ = {isa = PBXFileReference; explicitFileType = wrapper.application; includeInIndex = 0; path = Networking.app; sourceTree = BUILT_PRODUCTS_DIR; };
		EA662B5026B440C200808625 /* AppDelegate.swift */ = {isa = PBXFileReference; lastKnownFileType = sourcecode.swift; path = AppDelegate.swift; sourceTree = "<group>"; };
		EA662B5226B440C200808625 /* SceneDelegate.swift */ = {isa = PBXFileReference; lastKnownFileType = sourcecode.swift; path = SceneDelegate.swift; sourceTree = "<group>"; };
		EA662B5726B440C200808625 /* Base */ = {isa = PBXFileReference; lastKnownFileType = file.storyboard; name = Base; path = Base.lproj/Main.storyboard; sourceTree = "<group>"; };
		EA662B5926B440C400808625 /* Assets.xcassets */ = {isa = PBXFileReference; lastKnownFileType = folder.assetcatalog; path = Assets.xcassets; sourceTree = "<group>"; };
		EA662B5C26B440C400808625 /* Base */ = {isa = PBXFileReference; lastKnownFileType = file.storyboard; name = Base; path = Base.lproj/LaunchScreen.storyboard; sourceTree = "<group>"; };
		EA662B5E26B440C400808625 /* Info.plist */ = {isa = PBXFileReference; lastKnownFileType = text.plist.xml; path = Info.plist; sourceTree = "<group>"; };
		EA662B6426B4520600808625 /* ImageViewController.swift */ = {isa = PBXFileReference; lastKnownFileType = sourcecode.swift; path = ImageViewController.swift; sourceTree = "<group>"; };
		EAC56EC126BAE6180065338D /* Podfile */ = {isa = PBXFileReference; lastKnownFileType = text; path = Podfile; sourceTree = "<group>"; xcLanguageSpecificationIdentifier = xcode.lang.ruby; };
		EAC56EC326BAEDA80065338D /* AlamofireNetworkRequest.swift */ = {isa = PBXFileReference; lastKnownFileType = sourcecode.swift; path = AlamofireNetworkRequest.swift; sourceTree = "<group>"; };
		EAEB8DB026D3BFEB006B5197 /* UserProfileVC.swift */ = {isa = PBXFileReference; lastKnownFileType = sourcecode.swift; path = UserProfileVC.swift; sourceTree = "<group>"; };
		F3C5886D743C98F2BA76D8CE /* Pods_Networking.framework */ = {isa = PBXFileReference; explicitFileType = wrapper.framework; includeInIndex = 0; path = Pods_Networking.framework; sourceTree = BUILT_PRODUCTS_DIR; };
/* End PBXFileReference section */

/* Begin PBXFrameworksBuildPhase section */
		EA662B4A26B440C200808625 /* Frameworks */ = {
			isa = PBXFrameworksBuildPhase;
			buildActionMask = 2147483647;
			files = (
				EA099CE526CD62BF00FE93DD /* FacebookLogin in Frameworks */,
				EA099CE726CD62BF00FE93DD /* FacebookCore in Frameworks */,
				FF37580EDB6639587736A1A2 /* Pods_Networking.framework in Frameworks */,
			);
			runOnlyForDeploymentPostprocessing = 0;
		};
/* End PBXFrameworksBuildPhase section */

/* Begin PBXGroup section */
		541063A785A59EBA2AE1694E /* Frameworks */ = {
			isa = PBXGroup;
			children = (
				F3C5886D743C98F2BA76D8CE /* Pods_Networking.framework */,
			);
			name = Frameworks;
			sourceTree = "<group>";
		};
		917EEBD7FF6605B5A0A90430 /* Pods */ = {
			isa = PBXGroup;
			children = (
				2BD68FB3BE984A0058C93ECC /* Pods-Networking.debug.xcconfig */,
				DDB85C389452CDE3095D908B /* Pods-Networking.release.xcconfig */,
			);
			path = Pods;
			sourceTree = "<group>";
		};
		EA662B4426B440C200808625 = {
			isa = PBXGroup;
			children = (
				EAC56EC126BAE6180065338D /* Podfile */,
				EA662B4F26B440C200808625 /* Networking */,
				EA662B4E26B440C200808625 /* Products */,
				917EEBD7FF6605B5A0A90430 /* Pods */,
				541063A785A59EBA2AE1694E /* Frameworks */,
			);
			sourceTree = "<group>";
		};
		EA662B4E26B440C200808625 /* Products */ = {
			isa = PBXGroup;
			children = (
				EA662B4D26B440C200808625 /* Networking.app */,
			);
			name = Products;
			sourceTree = "<group>";
		};
		EA662B4F26B440C200808625 /* Networking */ = {
			isa = PBXGroup;
			children = (
				EA099CE226CD5E9700FE93DD /* Networking.entitlements */,
				EA662B5026B440C200808625 /* AppDelegate.swift */,
				EA662B5226B440C200808625 /* SceneDelegate.swift */,
				EAEB8DB026D3BFEB006B5197 /* UserProfileVC.swift */,
				EA099CEC26CD6CDF00FE93DD /* LoginViewController.swift */,
				EA01801326B95EAF00B59844 /* MainViewController.swift */,
				EA662B6426B4520600808625 /* ImageViewController.swift */,
				EA57C40726B8279800AC1D5B /* CoursesViewController.swift */,
				EA01801726B9617400B59844 /* NetworkManager.swift */,
				EAC56EC326BAEDA80065338D /* AlamofireNetworkRequest.swift */,
				EA01801B26B9983B00B59844 /* DataProvider.swift */,
				EA57C40B26B82A0A00AC1D5B /* Course.swift */,
				EA01801926B9934D00B59844 /* ImageProperties.swift */,
				EA57C40F26B831F600AC1D5B /* TableViewCell.swift */,
				EA01801526B95ED500B59844 /* CollectionViewCell.swift */,
				EA57C40926B827A700AC1D5B /* WebViewController.swift */,
				EA099CEA26CD6BDF00FE93DD /* Extension.swift */,
				EA662B5626B440C200808625 /* Main.storyboard */,
				EA662B5926B440C400808625 /* Assets.xcassets */,
				EA662B5B26B440C400808625 /* LaunchScreen.storyboard */,
				EA099CEE26CD6EA100FE93DD /* WebsiteDescription.swift */,
				EA662B5E26B440C400808625 /* Info.plist */,
			);
			path = Networking;
			sourceTree = "<group>";
		};
/* End PBXGroup section */

/* Begin PBXNativeTarget section */
		EA662B4C26B440C200808625 /* Networking */ = {
			isa = PBXNativeTarget;
			buildConfigurationList = EA662B6126B440C400808625 /* Build configuration list for PBXNativeTarget "Networking" */;
			buildPhases = (
				861A7EF282391BB287EFD33B /* [CP] Check Pods Manifest.lock */,
				EA662B4926B440C200808625 /* Sources */,
				EA662B4A26B440C200808625 /* Frameworks */,
				EA662B4B26B440C200808625 /* Resources */,
				36479DC678A87B6767C379BF /* [CP] Embed Pods Frameworks */,
			);
			buildRules = (
			);
			dependencies = (
			);
			name = Networking;
			packageProductDependencies = (
				EA099CE426CD62BF00FE93DD /* FacebookLogin */,
				EA099CE626CD62BF00FE93DD /* FacebookCore */,
			);
			productName = Networking;
			productReference = EA662B4D26B440C200808625 /* Networking.app */;
			productType = "com.apple.product-type.application";
		};
/* End PBXNativeTarget section */

/* Begin PBXProject section */
		EA662B4526B440C200808625 /* Project object */ = {
			isa = PBXProject;
			attributes = {
				LastSwiftUpdateCheck = 1250;
				LastUpgradeCheck = 1250;
				TargetAttributes = {
					EA662B4C26B440C200808625 = {
						CreatedOnToolsVersion = 12.5.1;
					};
				};
			};
			buildConfigurationList = EA662B4826B440C200808625 /* Build configuration list for PBXProject "Networking" */;
			compatibilityVersion = "Xcode 9.3";
			developmentRegion = en;
			hasScannedForEncodings = 0;
			knownRegions = (
				en,
				Base,
			);
			mainGroup = EA662B4426B440C200808625;
			packageReferences = (
				EA099CE326CD62BE00FE93DD /* XCRemoteSwiftPackageReference "facebook-ios-sdk" */,
			);
			productRefGroup = EA662B4E26B440C200808625 /* Products */;
			projectDirPath = "";
			projectRoot = "";
			targets = (
				EA662B4C26B440C200808625 /* Networking */,
			);
		};
/* End PBXProject section */

/* Begin PBXResourcesBuildPhase section */
		EA662B4B26B440C200808625 /* Resources */ = {
			isa = PBXResourcesBuildPhase;
			buildActionMask = 2147483647;
			files = (
				EA662B5D26B440C400808625 /* LaunchScreen.storyboard in Resources */,
				EA662B5A26B440C400808625 /* Assets.xcassets in Resources */,
				EAC56EC226BAE6180065338D /* Podfile in Resources */,
				EA662B5826B440C200808625 /* Main.storyboard in Resources */,
			);
			runOnlyForDeploymentPostprocessing = 0;
		};
/* End PBXResourcesBuildPhase section */

/* Begin PBXShellScriptBuildPhase section */
		36479DC678A87B6767C379BF /* [CP] Embed Pods Frameworks */ = {
			isa = PBXShellScriptBuildPhase;
			buildActionMask = 2147483647;
			files = (
			);
			inputFileListPaths = (
				"${PODS_ROOT}/Target Support Files/Pods-Networking/Pods-Networking-frameworks-${CONFIGURATION}-input-files.xcfilelist",
			);
			name = "[CP] Embed Pods Frameworks";
			outputFileListPaths = (
				"${PODS_ROOT}/Target Support Files/Pods-Networking/Pods-Networking-frameworks-${CONFIGURATION}-output-files.xcfilelist",
			);
			runOnlyForDeploymentPostprocessing = 0;
			shellPath = /bin/sh;
			shellScript = "\"${PODS_ROOT}/Target Support Files/Pods-Networking/Pods-Networking-frameworks.sh\"\n";
			showEnvVarsInLog = 0;
		};
		861A7EF282391BB287EFD33B /* [CP] Check Pods Manifest.lock */ = {
			isa = PBXShellScriptBuildPhase;
			buildActionMask = 2147483647;
			files = (
			);
			inputFileListPaths = (
			);
			inputPaths = (
				"${PODS_PODFILE_DIR_PATH}/Podfile.lock",
				"${PODS_ROOT}/Manifest.lock",
			);
			name = "[CP] Check Pods Manifest.lock";
			outputFileListPaths = (
			);
			outputPaths = (
				"$(DERIVED_FILE_DIR)/Pods-Networking-checkManifestLockResult.txt",
			);
			runOnlyForDeploymentPostprocessing = 0;
			shellPath = /bin/sh;
			shellScript = "diff \"${PODS_PODFILE_DIR_PATH}/Podfile.lock\" \"${PODS_ROOT}/Manifest.lock\" > /dev/null\nif [ $? != 0 ] ; then\n    # print error to STDERR\n    echo \"error: The sandbox is not in sync with the Podfile.lock. Run 'pod install' or update your CocoaPods installation.\" >&2\n    exit 1\nfi\n# This output is used by Xcode 'outputs' to avoid re-running this script phase.\necho \"SUCCESS\" > \"${SCRIPT_OUTPUT_FILE_0}\"\n";
			showEnvVarsInLog = 0;
		};
/* End PBXShellScriptBuildPhase section */

/* Begin PBXSourcesBuildPhase section */
		EA662B4926B440C200808625 /* Sources */ = {
			isa = PBXSourcesBuildPhase;
			buildActionMask = 2147483647;
			files = (
				EA01801A26B9934D00B59844 /* ImageProperties.swift in Sources */,
				EA01801626B95ED500B59844 /* CollectionViewCell.swift in Sources */,
				EAC56EC426BAEDA80065338D /* AlamofireNetworkRequest.swift in Sources */,
				EA099CED26CD6CDF00FE93DD /* LoginViewController.swift in Sources */,
				EA57C40C26B82A0A00AC1D5B /* Course.swift in Sources */,
				EA57C41026B831F600AC1D5B /* TableViewCell.swift in Sources */,
				EA01801826B9617400B59844 /* NetworkManager.swift in Sources */,
				EA57C40A26B827A700AC1D5B /* WebViewController.swift in Sources */,
				EA01801C26B9983B00B59844 /* DataProvider.swift in Sources */,
				EA662B5126B440C200808625 /* AppDelegate.swift in Sources */,
				EA099CEF26CD6EA100FE93DD /* WebsiteDescription.swift in Sources */,
				EA099CEB26CD6BDF00FE93DD /* Extension.swift in Sources */,
				EA662B6526B4520600808625 /* ImageViewController.swift in Sources */,
				EA01801426B95EAF00B59844 /* MainViewController.swift in Sources */,
				EA662B5326B440C200808625 /* SceneDelegate.swift in Sources */,
				EAEB8DB126D3BFEB006B5197 /* UserProfileVC.swift in Sources */,
				EA57C40826B8279800AC1D5B /* CoursesViewController.swift in Sources */,
			);
			runOnlyForDeploymentPostprocessing = 0;
		};
/* End PBXSourcesBuildPhase section */

/* Begin PBXVariantGroup section */
		EA662B5626B440C200808625 /* Main.storyboard */ = {
			isa = PBXVariantGroup;
			children = (
				EA662B5726B440C200808625 /* Base */,
			);
			name = Main.storyboard;
			sourceTree = "<group>";
		};
		EA662B5B26B440C400808625 /* LaunchScreen.storyboard */ = {
			isa = PBXVariantGroup;
			children = (
				EA662B5C26B440C400808625 /* Base */,
			);
			name = LaunchScreen.storyboard;
			sourceTree = "<group>";
		};
/* End PBXVariantGroup section */

/* Begin XCBuildConfiguration section */
		EA662B5F26B440C400808625 /* Debug */ = {
			isa = XCBuildConfiguration;
			buildSettings = {
				ALWAYS_SEARCH_USER_PATHS = NO;
				CLANG_ANALYZER_NONNULL = YES;
				CLANG_ANALYZER_NUMBER_OBJECT_CONVERSION = YES_AGGRESSIVE;
				CLANG_CXX_LANGUAGE_STANDARD = "gnu++14";
				CLANG_CXX_LIBRARY = "libc++";
				CLANG_ENABLE_MODULES = YES;
				CLANG_ENABLE_OBJC_ARC = YES;
				CLANG_ENABLE_OBJC_WEAK = YES;
				CLANG_WARN_BLOCK_CAPTURE_AUTORELEASING = YES;
				CLANG_WARN_BOOL_CONVERSION = YES;
				CLANG_WARN_COMMA = YES;
				CLANG_WARN_CONSTANT_CONVERSION = YES;
				CLANG_WARN_DEPRECATED_OBJC_IMPLEMENTATIONS = YES;
				CLANG_WARN_DIRECT_OBJC_ISA_USAGE = YES_ERROR;
				CLANG_WARN_DOCUMENTATION_COMMENTS = YES;
				CLANG_WARN_EMPTY_BODY = YES;
				CLANG_WARN_ENUM_CONVERSION = YES;
				CLANG_WARN_INFINITE_RECURSION = YES;
				CLANG_WARN_INT_CONVERSION = YES;
				CLANG_WARN_NON_LITERAL_NULL_CONVERSION = YES;
				CLANG_WARN_OBJC_IMPLICIT_RETAIN_SELF = YES;
				CLANG_WARN_OBJC_LITERAL_CONVERSION = YES;
				CLANG_WARN_OBJC_ROOT_CLASS = YES_ERROR;
				CLANG_WARN_QUOTED_INCLUDE_IN_FRAMEWORK_HEADER = YES;
				CLANG_WARN_RANGE_LOOP_ANALYSIS = YES;
				CLANG_WARN_STRICT_PROTOTYPES = YES;
				CLANG_WARN_SUSPICIOUS_MOVE = YES;
				CLANG_WARN_UNGUARDED_AVAILABILITY = YES_AGGRESSIVE;
				CLANG_WARN_UNREACHABLE_CODE = YES;
				CLANG_WARN__DUPLICATE_METHOD_MATCH = YES;
				COPY_PHASE_STRIP = NO;
				DEBUG_INFORMATION_FORMAT = dwarf;
				ENABLE_STRICT_OBJC_MSGSEND = YES;
				ENABLE_TESTABILITY = YES;
				GCC_C_LANGUAGE_STANDARD = gnu11;
				GCC_DYNAMIC_NO_PIC = NO;
				GCC_NO_COMMON_BLOCKS = YES;
				GCC_OPTIMIZATION_LEVEL = 0;
				GCC_PREPROCESSOR_DEFINITIONS = (
					"DEBUG=1",
					"$(inherited)",
				);
				GCC_WARN_64_TO_32_BIT_CONVERSION = YES;
				GCC_WARN_ABOUT_RETURN_TYPE = YES_ERROR;
				GCC_WARN_UNDECLARED_SELECTOR = YES;
				GCC_WARN_UNINITIALIZED_AUTOS = YES_AGGRESSIVE;
				GCC_WARN_UNUSED_FUNCTION = YES;
				GCC_WARN_UNUSED_VARIABLE = YES;
				IPHONEOS_DEPLOYMENT_TARGET = 14.5;
				MTL_ENABLE_DEBUG_INFO = INCLUDE_SOURCE;
				MTL_FAST_MATH = YES;
				ONLY_ACTIVE_ARCH = YES;
				SDKROOT = iphoneos;
				SWIFT_ACTIVE_COMPILATION_CONDITIONS = DEBUG;
				SWIFT_OPTIMIZATION_LEVEL = "-Onone";
			};
			name = Debug;
		};
		EA662B6026B440C400808625 /* Release */ = {
			isa = XCBuildConfiguration;
			buildSettings = {
				ALWAYS_SEARCH_USER_PATHS = NO;
				CLANG_ANALYZER_NONNULL = YES;
				CLANG_ANALYZER_NUMBER_OBJECT_CONVERSION = YES_AGGRESSIVE;
				CLANG_CXX_LANGUAGE_STANDARD = "gnu++14";
				CLANG_CXX_LIBRARY = "libc++";
				CLANG_ENABLE_MODULES = YES;
				CLANG_ENABLE_OBJC_ARC = YES;
				CLANG_ENABLE_OBJC_WEAK = YES;
				CLANG_WARN_BLOCK_CAPTURE_AUTORELEASING = YES;
				CLANG_WARN_BOOL_CONVERSION = YES;
				CLANG_WARN_COMMA = YES;
				CLANG_WARN_CONSTANT_CONVERSION = YES;
				CLANG_WARN_DEPRECATED_OBJC_IMPLEMENTATIONS = YES;
				CLANG_WARN_DIRECT_OBJC_ISA_USAGE = YES_ERROR;
				CLANG_WARN_DOCUMENTATION_COMMENTS = YES;
				CLANG_WARN_EMPTY_BODY = YES;
				CLANG_WARN_ENUM_CONVERSION = YES;
				CLANG_WARN_INFINITE_RECURSION = YES;
				CLANG_WARN_INT_CONVERSION = YES;
				CLANG_WARN_NON_LITERAL_NULL_CONVERSION = YES;
				CLANG_WARN_OBJC_IMPLICIT_RETAIN_SELF = YES;
				CLANG_WARN_OBJC_LITERAL_CONVERSION = YES;
				CLANG_WARN_OBJC_ROOT_CLASS = YES_ERROR;
				CLANG_WARN_QUOTED_INCLUDE_IN_FRAMEWORK_HEADER = YES;
				CLANG_WARN_RANGE_LOOP_ANALYSIS = YES;
				CLANG_WARN_STRICT_PROTOTYPES = YES;
				CLANG_WARN_SUSPICIOUS_MOVE = YES;
				CLANG_WARN_UNGUARDED_AVAILABILITY = YES_AGGRESSIVE;
				CLANG_WARN_UNREACHABLE_CODE = YES;
				CLANG_WARN__DUPLICATE_METHOD_MATCH = YES;
				COPY_PHASE_STRIP = NO;
				DEBUG_INFORMATION_FORMAT = "dwarf-with-dsym";
				ENABLE_NS_ASSERTIONS = NO;
				ENABLE_STRICT_OBJC_MSGSEND = YES;
				GCC_C_LANGUAGE_STANDARD = gnu11;
				GCC_NO_COMMON_BLOCKS = YES;
				GCC_WARN_64_TO_32_BIT_CONVERSION = YES;
				GCC_WARN_ABOUT_RETURN_TYPE = YES_ERROR;
				GCC_WARN_UNDECLARED_SELECTOR = YES;
				GCC_WARN_UNINITIALIZED_AUTOS = YES_AGGRESSIVE;
				GCC_WARN_UNUSED_FUNCTION = YES;
				GCC_WARN_UNUSED_VARIABLE = YES;
				IPHONEOS_DEPLOYMENT_TARGET = 14.5;
				MTL_ENABLE_DEBUG_INFO = NO;
				MTL_FAST_MATH = YES;
				SDKROOT = iphoneos;
				SWIFT_COMPILATION_MODE = wholemodule;
				SWIFT_OPTIMIZATION_LEVEL = "-O";
				VALIDATE_PRODUCT = YES;
			};
			name = Release;
		};
		EA662B6226B440C400808625 /* Debug */ = {
			isa = XCBuildConfiguration;
			baseConfigurationReference = 2BD68FB3BE984A0058C93ECC /* Pods-Networking.debug.xcconfig */;
			buildSettings = {
				ASSETCATALOG_COMPILER_APPICON_NAME = AppIcon;
				ASSETCATALOG_COMPILER_GLOBAL_ACCENT_COLOR_NAME = AccentColor;
				CODE_SIGN_ENTITLEMENTS = Networking/Networking.entitlements;
				CODE_SIGN_STYLE = Automatic;
				DEVELOPMENT_TEAM = TLX89AH7T8;
				INFOPLIST_FILE = Networking/Info.plist;
				LD_RUNPATH_SEARCH_PATHS = (
					"$(inherited)",
					"@executable_path/Frameworks",
				);
				PRODUCT_BUNDLE_IDENTIFIER = com.vv.Networking;
				PRODUCT_NAME = "$(TARGET_NAME)";
				SWIFT_VERSION = 5.0;
				TARGETED_DEVICE_FAMILY = "1,2";
			};
			name = Debug;
		};
		EA662B6326B440C400808625 /* Release */ = {
			isa = XCBuildConfiguration;
			baseConfigurationReference = DDB85C389452CDE3095D908B /* Pods-Networking.release.xcconfig */;
			buildSettings = {
				ASSETCATALOG_COMPILER_APPICON_NAME = AppIcon;
				ASSETCATALOG_COMPILER_GLOBAL_ACCENT_COLOR_NAME = AccentColor;
				CODE_SIGN_ENTITLEMENTS = Networking/Networking.entitlements;
				CODE_SIGN_STYLE = Automatic;
				DEVELOPMENT_TEAM = TLX89AH7T8;
				INFOPLIST_FILE = Networking/Info.plist;
				LD_RUNPATH_SEARCH_PATHS = (
					"$(inherited)",
					"@executable_path/Frameworks",
				);
				PRODUCT_BUNDLE_IDENTIFIER = com.vv.Networking;
				PRODUCT_NAME = "$(TARGET_NAME)";
				SWIFT_VERSION = 5.0;
				TARGETED_DEVICE_FAMILY = "1,2";
			};
			name = Release;
		};
/* End XCBuildConfiguration section */

/* Begin XCConfigurationList section */
		EA662B4826B440C200808625 /* Build configuration list for PBXProject "Networking" */ = {
			isa = XCConfigurationList;
			buildConfigurations = (
				EA662B5F26B440C400808625 /* Debug */,
				EA662B6026B440C400808625 /* Release */,
			);
			defaultConfigurationIsVisible = 0;
			defaultConfigurationName = Release;
		};
		EA662B6126B440C400808625 /* Build configuration list for PBXNativeTarget "Networking" */ = {
			isa = XCConfigurationList;
			buildConfigurations = (
				EA662B6226B440C400808625 /* Debug */,
				EA662B6326B440C400808625 /* Release */,
			);
			defaultConfigurationIsVisible = 0;
			defaultConfigurationName = Release;
		};
/* End XCConfigurationList section */

/* Begin XCRemoteSwiftPackageReference section */
		EA099CE326CD62BE00FE93DD /* XCRemoteSwiftPackageReference "facebook-ios-sdk" */ = {
			isa = XCRemoteSwiftPackageReference;
			repositoryURL = "https://github.com/facebook/facebook-ios-sdk";
			requirement = {
				kind = upToNextMajorVersion;
				minimumVersion = 11.1.0;
			};
		};
/* End XCRemoteSwiftPackageReference section */

/* Begin XCSwiftPackageProductDependency section */
		EA099CE426CD62BF00FE93DD /* FacebookLogin */ = {
			isa = XCSwiftPackageProductDependency;
			package = EA099CE326CD62BE00FE93DD /* XCRemoteSwiftPackageReference "facebook-ios-sdk" */;
			productName = FacebookLogin;
		};
		EA099CE626CD62BF00FE93DD /* FacebookCore */ = {
			isa = XCSwiftPackageProductDependency;
			package = EA099CE326CD62BE00FE93DD /* XCRemoteSwiftPackageReference "facebook-ios-sdk" */;
			productName = FacebookCore;
		};
/* End XCSwiftPackageProductDependency section */
	};
	rootObject = EA662B4526B440C200808625 /* Project object */;
}
